
Microsoft Visual Studio Solution File, Format Version 12.00
# Visual Studio 15
VisualStudioVersion = 15.0.27130.2036
MinimumVisualStudioVersion = 10.0.40219.1
Project("{FAE04EC0-301F-11D3-BF4B-00C04F79EFBC}") = "Shpak", "Shpak\Shpak.csproj", "{731FB42B-4B6E-4F8A-95EF-C8892320FF7F}"
EndProject
Project("{FAE04EC0-301F-11D3-BF4B-00C04F79EFBC}") = "ClassLibrary", "ClassLibrary\ClassLibrary.csproj", "{61BC249B-38EB-4046-AD44-58FA6A6AFE8A}"
EndProject
Project("{FAE04EC0-301F-11D3-BF4B-00C04F79EFBC}") = "TestConsoleApp", "TestConsoleApp\TestConsoleApp.csproj", "{924D1A9F-C74E-4D1A-9ADE-EBE31791B16C}"
EndProject
Global
	GlobalSection(SolutionConfigurationPlatforms) = preSolution
		Debug|Any CPU = Debug|Any CPU
		Release|Any CPU = Release|Any CPU
	EndGlobalSection
	GlobalSection(ProjectConfigurationPlatforms) = postSolution
		{731FB42B-4B6E-4F8A-95EF-C8892320FF7F}.Debug|Any CPU.ActiveCfg = Debug|Any CPU
		{731FB42B-4B6E-4F8A-95EF-C8892320FF7F}.Debug|Any CPU.Build.0 = Debug|Any CPU
		{731FB42B-4B6E-4F8A-95EF-C8892320FF7F}.Release|Any CPU.ActiveCfg = Release|Any CPU
		{731FB42B-4B6E-4F8A-95EF-C8892320FF7F}.Release|Any CPU.Build.0 = Release|Any CPU
		{61BC249B-38EB-4046-AD44-58FA6A6AFE8A}.Debug|Any CPU.ActiveCfg = Debug|Any CPU
		{61BC249B-38EB-4046-AD44-58FA6A6AFE8A}.Debug|Any CPU.Build.0 = Debug|Any CPU
		{61BC249B-38EB-4046-AD44-58FA6A6AFE8A}.Release|Any CPU.ActiveCfg = Release|Any CPU
		{61BC249B-38EB-4046-AD44-58FA6A6AFE8A}.Release|Any CPU.Build.0 = Release|Any CPU
		{924D1A9F-C74E-4D1A-9ADE-EBE31791B16C}.Debug|Any CPU.ActiveCfg = Debug|Any CPU
		{924D1A9F-C74E-4D1A-9ADE-EBE31791B16C}.Debug|Any CPU.Build.0 = Debug|Any CPU
		{924D1A9F-C74E-4D1A-9ADE-EBE31791B16C}.Release|Any CPU.ActiveCfg = Release|Any CPU
		{924D1A9F-C74E-4D1A-9ADE-EBE31791B16C}.Release|Any CPU.Build.0 = Release|Any CPU
	EndGlobalSection
	GlobalSection(SolutionProperties) = preSolution
		HideSolutionNode = FALSE
	EndGlobalSection
	GlobalSection(ExtensibilityGlobals) = postSolution
		SolutionGuid = {D4757D2B-3797-474F-9849-31EECA9D6C6F}
	EndGlobalSection
EndGlobal
